// !$*UTF8*$!
{
	archiveVersion = 1;
	classes = {
	};
	objectVersion = 50;
	objects = {

/* Begin PBXBuildFile section */
		880131FD257ACA6900A53395 /* AppDelegate.swift in Sources */ = {isa = PBXBuildFile; fileRef = 880131FC257ACA6900A53395 /* AppDelegate.swift */; };
		880131FF257ACA6900A53395 /* SceneDelegate.swift in Sources */ = {isa = PBXBuildFile; fileRef = 880131FE257ACA6900A53395 /* SceneDelegate.swift */; };
		88013201257ACA6900A53395 /* ViewController.swift in Sources */ = {isa = PBXBuildFile; fileRef = 88013200257ACA6900A53395 /* ViewController.swift */; };
		88013204257ACA6900A53395 /* Main.storyboard in Resources */ = {isa = PBXBuildFile; fileRef = 88013202257ACA6900A53395 /* Main.storyboard */; };
		88013206257ACA6B00A53395 /* Assets.xcassets in Resources */ = {isa = PBXBuildFile; fileRef = 88013205257ACA6B00A53395 /* Assets.xcassets */; };
		88013209257ACA6B00A53395 /* LaunchScreen.storyboard in Resources */ = {isa = PBXBuildFile; fileRef = 88013207257ACA6B00A53395 /* LaunchScreen.storyboard */; };
		88013214257ACA6C00A53395 /* SwipeItTests.swift in Sources */ = {isa = PBXBuildFile; fileRef = 88013213257ACA6C00A53395 /* SwipeItTests.swift */; };
		8801321F257ACA6C00A53395 /* SwipeItUITests.swift in Sources */ = {isa = PBXBuildFile; fileRef = 8801321E257ACA6C00A53395 /* SwipeItUITests.swift */; };
		88514530258427F100D14AEC /* SwipeButtonViewController.swift in Sources */ = {isa = PBXBuildFile; fileRef = 8851452F258427F100D14AEC /* SwipeButtonViewController.swift */; };
		88ED1AD3257BE05200E6DB5E /* SwipeViewController.swift in Sources */ = {isa = PBXBuildFile; fileRef = 88ED1AD2257BE05200E6DB5E /* SwipeViewController.swift */; };
/* End PBXBuildFile section */

/* Begin PBXContainerItemProxy section */
		88013210257ACA6C00A53395 /* PBXContainerItemProxy */ = {
			isa = PBXContainerItemProxy;
			containerPortal = 880131F1257ACA6900A53395 /* Project object */;
			proxyType = 1;
			remoteGlobalIDString = 880131F8257ACA6900A53395;
			remoteInfo = SwipeIt;
		};
		8801321B257ACA6C00A53395 /* PBXContainerItemProxy */ = {
			isa = PBXContainerItemProxy;
			containerPortal = 880131F1257ACA6900A53395 /* Project object */;
			proxyType = 1;
			remoteGlobalIDString = 880131F8257ACA6900A53395;
			remoteInfo = SwipeIt;
		};
/* End PBXContainerItemProxy section */

/* Begin PBXFileReference section */
		880131F9257ACA6900A53395 /* SwipeIt.app */ = {isa = PBXFileReference; explicitFileType = wrapper.application; includeInIndex = 0; path = SwipeIt.app; sourceTree = BUILT_PRODUCTS_DIR; };
		880131FC257ACA6900A53395 /* AppDelegate.swift */ = {isa = PBXFileReference; lastKnownFileType = sourcecode.swift; path = AppDelegate.swift; sourceTree = "<group>"; };
		880131FE257ACA6900A53395 /* SceneDelegate.swift */ = {isa = PBXFileReference; lastKnownFileType = sourcecode.swift; path = SceneDelegate.swift; sourceTree = "<group>"; };
		88013200257ACA6900A53395 /* ViewController.swift */ = {isa = PBXFileReference; lastKnownFileType = sourcecode.swift; path = ViewController.swift; sourceTree = "<group>"; };
		88013203257ACA6900A53395 /* Base */ = {isa = PBXFileReference; lastKnownFileType = file.storyboard; name = Base; path = Base.lproj/Main.storyboard; sourceTree = "<group>"; };
		88013205257ACA6B00A53395 /* Assets.xcassets */ = {isa = PBXFileReference; lastKnownFileType = folder.assetcatalog; path = Assets.xcassets; sourceTree = "<group>"; };
		88013208257ACA6B00A53395 /* Base */ = {isa = PBXFileReference; lastKnownFileType = file.storyboard; name = Base; path = Base.lproj/LaunchScreen.storyboard; sourceTree = "<group>"; };
		8801320A257ACA6B00A53395 /* Info.plist */ = {isa = PBXFileReference; lastKnownFileType = text.plist.xml; path = Info.plist; sourceTree = "<group>"; };
		8801320F257ACA6C00A53395 /* SwipeItTests.xctest */ = {isa = PBXFileReference; explicitFileType = wrapper.cfbundle; includeInIndex = 0; path = SwipeItTests.xctest; sourceTree = BUILT_PRODUCTS_DIR; };
		88013213257ACA6C00A53395 /* SwipeItTests.swift */ = {isa = PBXFileReference; lastKnownFileType = sourcecode.swift; path = SwipeItTests.swift; sourceTree = "<group>"; };
		88013215257ACA6C00A53395 /* Info.plist */ = {isa = PBXFileReference; lastKnownFileType = text.plist.xml; path = Info.plist; sourceTree = "<group>"; };
		8801321A257ACA6C00A53395 /* SwipeItUITests.xctest */ = {isa = PBXFileReference; explicitFileType = wrapper.cfbundle; includeInIndex = 0; path = SwipeItUITests.xctest; sourceTree = BUILT_PRODUCTS_DIR; };
		8801321E257ACA6C00A53395 /* SwipeItUITests.swift */ = {isa = PBXFileReference; lastKnownFileType = sourcecode.swift; path = SwipeItUITests.swift; sourceTree = "<group>"; };
		88013220257ACA6C00A53395 /* Info.plist */ = {isa = PBXFileReference; lastKnownFileType = text.plist.xml; path = Info.plist; sourceTree = "<group>"; };
		8851452F258427F100D14AEC /* SwipeButtonViewController.swift */ = {isa = PBXFileReference; lastKnownFileType = sourcecode.swift; path = SwipeButtonViewController.swift; sourceTree = "<group>"; };
		88ED1AD2257BE05200E6DB5E /* SwipeViewController.swift */ = {isa = PBXFileReference; lastKnownFileType = sourcecode.swift; path = SwipeViewController.swift; sourceTree = "<group>"; };
/* End PBXFileReference section */

/* Begin PBXFrameworksBuildPhase section */
		880131F6257ACA6900A53395 /* Frameworks */ = {
			isa = PBXFrameworksBuildPhase;
			buildActionMask = 2147483647;
			files = (
			);
			runOnlyForDeploymentPostprocessing = 0;
		};
		8801320C257ACA6C00A53395 /* Frameworks */ = {
			isa = PBXFrameworksBuildPhase;
			buildActionMask = 2147483647;
			files = (
			);
			runOnlyForDeploymentPostprocessing = 0;
		};
		88013217257ACA6C00A53395 /* Frameworks */ = {
			isa = PBXFrameworksBuildPhase;
			buildActionMask = 2147483647;
			files = (
			);
			runOnlyForDeploymentPostprocessing = 0;
		};
/* End PBXFrameworksBuildPhase section */

/* Begin PBXGroup section */
		880131F0257ACA6900A53395 = {
			isa = PBXGroup;
			children = (
				880131FB257ACA6900A53395 /* SwipeIt */,
				88013212257ACA6C00A53395 /* SwipeItTests */,
				8801321D257ACA6C00A53395 /* SwipeItUITests */,
				880131FA257ACA6900A53395 /* Products */,
			);
			sourceTree = "<group>";
		};
		880131FA257ACA6900A53395 /* Products */ = {
			isa = PBXGroup;
			children = (
				880131F9257ACA6900A53395 /* SwipeIt.app */,
				8801320F257ACA6C00A53395 /* SwipeItTests.xctest */,
				8801321A257ACA6C00A53395 /* SwipeItUITests.xctest */,
			);
			name = Products;
			sourceTree = "<group>";
		};
		880131FB257ACA6900A53395 /* SwipeIt */ = {
			isa = PBXGroup;
			children = (
				880131FC257ACA6900A53395 /* AppDelegate.swift */,
				880131FE257ACA6900A53395 /* SceneDelegate.swift */,
				88013200257ACA6900A53395 /* ViewController.swift */,
				88013202257ACA6900A53395 /* Main.storyboard */,
				88ED1AD2257BE05200E6DB5E /* SwipeViewController.swift */,
				8851452F258427F100D14AEC /* SwipeButtonViewController.swift */,
				88013205257ACA6B00A53395 /* Assets.xcassets */,
				88013207257ACA6B00A53395 /* LaunchScreen.storyboard */,
				8801320A257ACA6B00A53395 /* Info.plist */,
			);
			path = SwipeIt;
			sourceTree = "<group>";
		};
		88013212257ACA6C00A53395 /* SwipeItTests */ = {
			isa = PBXGroup;
			children = (
				88013213257ACA6C00A53395 /* SwipeItTests.swift */,
				88013215257ACA6C00A53395 /* Info.plist */,
			);
			path = SwipeItTests;
			sourceTree = "<group>";
		};
		8801321D257ACA6C00A53395 /* SwipeItUITests */ = {
			isa = PBXGroup;
			children = (
				8801321E257ACA6C00A53395 /* SwipeItUITests.swift */,
				88013220257ACA6C00A53395 /* Info.plist */,
			);
			path = SwipeItUITests;
			sourceTree = "<group>";
		};
/* End PBXGroup section */

/* Begin PBXNativeTarget section */
		880131F8257ACA6900A53395 /* SwipeIt */ = {
			isa = PBXNativeTarget;
			buildConfigurationList = 88013223257ACA6C00A53395 /* Build configuration list for PBXNativeTarget "SwipeIt" */;
			buildPhases = (
				880131F5257ACA6900A53395 /* Sources */,
				880131F6257ACA6900A53395 /* Frameworks */,
				880131F7257ACA6900A53395 /* Resources */,
			);
			buildRules = (
			);
			dependencies = (
			);
			name = SwipeIt;
			productName = SwipeIt;
			productReference = 880131F9257ACA6900A53395 /* SwipeIt.app */;
			productType = "com.apple.product-type.application";
		};
		8801320E257ACA6C00A53395 /* SwipeItTests */ = {
			isa = PBXNativeTarget;
			buildConfigurationList = 88013226257ACA6C00A53395 /* Build configuration list for PBXNativeTarget "SwipeItTests" */;
			buildPhases = (
				8801320B257ACA6C00A53395 /* Sources */,
				8801320C257ACA6C00A53395 /* Frameworks */,
				8801320D257ACA6C00A53395 /* Resources */,
			);
			buildRules = (
			);
			dependencies = (
				88013211257ACA6C00A53395 /* PBXTargetDependency */,
			);
			name = SwipeItTests;
			productName = SwipeItTests;
			productReference = 8801320F257ACA6C00A53395 /* SwipeItTests.xctest */;
			productType = "com.apple.product-type.bundle.unit-test";
		};
		88013219257ACA6C00A53395 /* SwipeItUITests */ = {
			isa = PBXNativeTarget;
			buildConfigurationList = 88013229257ACA6C00A53395 /* Build configuration list for PBXNativeTarget "SwipeItUITests" */;
			buildPhases = (
				88013216257ACA6C00A53395 /* Sources */,
				88013217257ACA6C00A53395 /* Frameworks */,
				88013218257ACA6C00A53395 /* Resources */,
			);
			buildRules = (
			);
			dependencies = (
				8801321C257ACA6C00A53395 /* PBXTargetDependency */,
			);
			name = SwipeItUITests;
			productName = SwipeItUITests;
			productReference = 8801321A257ACA6C00A53395 /* SwipeItUITests.xctest */;
			productType = "com.apple.product-type.bundle.ui-testing";
		};
/* End PBXNativeTarget section */

/* Begin PBXProject section */
		880131F1257ACA6900A53395 /* Project object */ = {
			isa = PBXProject;
			attributes = {
				LastSwiftUpdateCheck = 1220;
				LastUpgradeCheck = 1220;
				TargetAttributes = {
					880131F8257ACA6900A53395 = {
						CreatedOnToolsVersion = 12.2;
					};
					8801320E257ACA6C00A53395 = {
						CreatedOnToolsVersion = 12.2;
						TestTargetID = 880131F8257ACA6900A53395;
					};
					88013219257ACA6C00A53395 = {
						CreatedOnToolsVersion = 12.2;
						TestTargetID = 880131F8257ACA6900A53395;
					};
				};
			};
			buildConfigurationList = 880131F4257ACA6900A53395 /* Build configuration list for PBXProject "SwipeIt" */;
			compatibilityVersion = "Xcode 9.3";
			developmentRegion = en;
			hasScannedForEncodings = 0;
			knownRegions = (
				en,
				Base,
			);
			mainGroup = 880131F0257ACA6900A53395;
			productRefGroup = 880131FA257ACA6900A53395 /* Products */;
			projectDirPath = "";
			projectRoot = "";
			targets = (
				880131F8257ACA6900A53395 /* SwipeIt */,
				8801320E257ACA6C00A53395 /* SwipeItTests */,
				88013219257ACA6C00A53395 /* SwipeItUITests */,
			);
		};
/* End PBXProject section */

/* Begin PBXResourcesBuildPhase section */
		880131F7257ACA6900A53395 /* Resources */ = {
			isa = PBXResourcesBuildPhase;
			buildActionMask = 2147483647;
			files = (
				88013209257ACA6B00A53395 /* LaunchScreen.storyboard in Resources */,
				88013206257ACA6B00A53395 /* Assets.xcassets in Resources */,
				88013204257ACA6900A53395 /* Main.storyboard in Resources */,
			);
			runOnlyForDeploymentPostprocessing = 0;
		};
		8801320D257ACA6C00A53395 /* Resources */ = {
			isa = PBXResourcesBuildPhase;
			buildActionMask = 2147483647;
			files = (
			);
			runOnlyForDeploymentPostprocessing = 0;
		};
		88013218257ACA6C00A53395 /* Resources */ = {
			isa = PBXResourcesBuildPhase;
			buildActionMask = 2147483647;
			files = (
			);
			runOnlyForDeploymentPostprocessing = 0;
		};
/* End PBXResourcesBuildPhase section */

/* Begin PBXSourcesBuildPhase section */
		880131F5257ACA6900A53395 /* Sources */ = {
			isa = PBXSourcesBuildPhase;
			buildActionMask = 2147483647;
			files = (
				88514530258427F100D14AEC /* SwipeButtonViewController.swift in Sources */,
				88013201257ACA6900A53395 /* ViewController.swift in Sources */,
				880131FD257ACA6900A53395 /* AppDelegate.swift in Sources */,
				880131FF257ACA6900A53395 /* SceneDelegate.swift in Sources */,
				88ED1AD3257BE05200E6DB5E /* SwipeViewController.swift in Sources */,
			);
			runOnlyForDeploymentPostprocessing = 0;
		};
		8801320B257ACA6C00A53395 /* Sources */ = {
			isa = PBXSourcesBuildPhase;
			buildActionMask = 2147483647;
			files = (
				88013214257ACA6C00A53395 /* SwipeItTests.swift in Sources */,
			);
			runOnlyForDeploymentPostprocessing = 0;
		};
		88013216257ACA6C00A53395 /* Sources */ = {
			isa = PBXSourcesBuildPhase;
			buildActionMask = 2147483647;
			files = (
				8801321F257ACA6C00A53395 /* SwipeItUITests.swift in Sources */,
			);
			runOnlyForDeploymentPostprocessing = 0;
		};
/* End PBXSourcesBuildPhase section */

/* Begin PBXTargetDependency section */
		88013211257ACA6C00A53395 /* PBXTargetDependency */ = {
			isa = PBXTargetDependency;
			target = 880131F8257ACA6900A53395 /* SwipeIt */;
			targetProxy = 88013210257ACA6C00A53395 /* PBXContainerItemProxy */;
		};
		8801321C257ACA6C00A53395 /* PBXTargetDependency */ = {
			isa = PBXTargetDependency;
			target = 880131F8257ACA6900A53395 /* SwipeIt */;
			targetProxy = 8801321B257ACA6C00A53395 /* PBXContainerItemProxy */;
		};
/* End PBXTargetDependency section */

/* Begin PBXVariantGroup section */
		88013202257ACA6900A53395 /* Main.storyboard */ = {
			isa = PBXVariantGroup;
			children = (
				88013203257ACA6900A53395 /* Base */,
			);
			name = Main.storyboard;
			sourceTree = "<group>";
		};
		88013207257ACA6B00A53395 /* LaunchScreen.storyboard */ = {
			isa = PBXVariantGroup;
			children = (
				88013208257ACA6B00A53395 /* Base */,
			);
			name = LaunchScreen.storyboard;
			sourceTree = "<group>";
		};
/* End PBXVariantGroup section */

/* Begin XCBuildConfiguration section */
		88013221257ACA6C00A53395 /* Debug */ = {
			isa = XCBuildConfiguration;
			buildSettings = {
				ALWAYS_SEARCH_USER_PATHS = NO;
				CLANG_ANALYZER_NONNULL = YES;
				CLANG_ANALYZER_NUMBER_OBJECT_CONVERSION = YES_AGGRESSIVE;
				CLANG_CXX_LANGUAGE_STANDARD = "gnu++14";
				CLANG_CXX_LIBRARY = "libc++";
				CLANG_ENABLE_MODULES = YES;
				CLANG_ENABLE_OBJC_ARC = YES;
				CLANG_ENABLE_OBJC_WEAK = YES;
				CLANG_WARN_BLOCK_CAPTURE_AUTORELEASING = YES;
				CLANG_WARN_BOOL_CONVERSION = YES;
				CLANG_WARN_COMMA = YES;
				CLANG_WARN_CONSTANT_CONVERSION = YES;
				CLANG_WARN_DEPRECATED_OBJC_IMPLEMENTATIONS = YES;
				CLANG_WARN_DIRECT_OBJC_ISA_USAGE = YES_ERROR;
				CLANG_WARN_DOCUMENTATION_COMMENTS = YES;
				CLANG_WARN_EMPTY_BODY = YES;
				CLANG_WARN_ENUM_CONVERSION = YES;
				CLANG_WARN_INFINITE_RECURSION = YES;
				CLANG_WARN_INT_CONVERSION = YES;
				CLANG_WARN_NON_LITERAL_NULL_CONVERSION = YES;
				CLANG_WARN_OBJC_IMPLICIT_RETAIN_SELF = YES;
				CLANG_WARN_OBJC_LITERAL_CONVERSION = YES;
				CLANG_WARN_OBJC_ROOT_CLASS = YES_ERROR;
				CLANG_WARN_QUOTED_INCLUDE_IN_FRAMEWORK_HEADER = YES;
				CLANG_WARN_RANGE_LOOP_ANALYSIS = YES;
				CLANG_WARN_STRICT_PROTOTYPES = YES;
				CLANG_WARN_SUSPICIOUS_MOVE = YES;
				CLANG_WARN_UNGUARDED_AVAILABILITY = YES_AGGRESSIVE;
				CLANG_WARN_UNREACHABLE_CODE = YES;
				CLANG_WARN__DUPLICATE_METHOD_MATCH = YES;
				COPY_PHASE_STRIP = NO;
				DEBUG_INFORMATION_FORMAT = dwarf;
				ENABLE_STRICT_OBJC_MSGSEND = YES;
				ENABLE_TESTABILITY = YES;
				GCC_C_LANGUAGE_STANDARD = gnu11;
				GCC_DYNAMIC_NO_PIC = NO;
				GCC_NO_COMMON_BLOCKS = YES;
				GCC_OPTIMIZATION_LEVEL = 0;
				GCC_PREPROCESSOR_DEFINITIONS = (
					"DEBUG=1",
					"$(inherited)",
				);
				GCC_WARN_64_TO_32_BIT_CONVERSION = YES;
				GCC_WARN_ABOUT_RETURN_TYPE = YES_ERROR;
				GCC_WARN_UNDECLARED_SELECTOR = YES;
				GCC_WARN_UNINITIALIZED_AUTOS = YES_AGGRESSIVE;
				GCC_WARN_UNUSED_FUNCTION = YES;
				GCC_WARN_UNUSED_VARIABLE = YES;
				IPHONEOS_DEPLOYMENT_TARGET = 14.2;
				MTL_ENABLE_DEBUG_INFO = INCLUDE_SOURCE;
				MTL_FAST_MATH = YES;
				ONLY_ACTIVE_ARCH = YES;
				SDKROOT = iphoneos;
				SWIFT_ACTIVE_COMPILATION_CONDITIONS = DEBUG;
				SWIFT_OPTIMIZATION_LEVEL = "-Onone";
			};
			name = Debug;
		};
		88013222257ACA6C00A53395 /* Release */ = {
			isa = XCBuildConfiguration;
			buildSettings = {
				ALWAYS_SEARCH_USER_PATHS = NO;
				CLANG_ANALYZER_NONNULL = YES;
				CLANG_ANALYZER_NUMBER_OBJECT_CONVERSION = YES_AGGRESSIVE;
				CLANG_CXX_LANGUAGE_STANDARD = "gnu++14";
				CLANG_CXX_LIBRARY = "libc++";
				CLANG_ENABLE_MODULES = YES;
				CLANG_ENABLE_OBJC_ARC = YES;
				CLANG_ENABLE_OBJC_WEAK = YES;
				CLANG_WARN_BLOCK_CAPTURE_AUTORELEASING = YES;
				CLANG_WARN_BOOL_CONVERSION = YES;
				CLANG_WARN_COMMA = YES;
				CLANG_WARN_CONSTANT_CONVERSION = YES;
				CLANG_WARN_DEPRECATED_OBJC_IMPLEMENTATIONS = YES;
				CLANG_WARN_DIRECT_OBJC_ISA_USAGE = YES_ERROR;
				CLANG_WARN_DOCUMENTATION_COMMENTS = YES;
				CLANG_WARN_EMPTY_BODY = YES;
				CLANG_WARN_ENUM_CONVERSION = YES;
				CLANG_WARN_INFINITE_RECURSION = YES;
				CLANG_WARN_INT_CONVERSION = YES;
				CLANG_WARN_NON_LITERAL_NULL_CONVERSION = YES;
				CLANG_WARN_OBJC_IMPLICIT_RETAIN_SELF = YES;
				CLANG_WARN_OBJC_LITERAL_CONVERSION = YES;
				CLANG_WARN_OBJC_ROOT_CLASS = YES_ERROR;
				CLANG_WARN_QUOTED_INCLUDE_IN_FRAMEWORK_HEADER = YES;
				CLANG_WARN_RANGE_LOOP_ANALYSIS = YES;
				CLANG_WARN_STRICT_PROTOTYPES = YES;
				CLANG_WARN_SUSPICIOUS_MOVE = YES;
				CLANG_WARN_UNGUARDED_AVAILABILITY = YES_AGGRESSIVE;
				CLANG_WARN_UNREACHABLE_CODE = YES;
				CLANG_WARN__DUPLICATE_METHOD_MATCH = YES;
				COPY_PHASE_STRIP = NO;
				DEBUG_INFORMATION_FORMAT = "dwarf-with-dsym";
				ENABLE_NS_ASSERTIONS = NO;
				ENABLE_STRICT_OBJC_MSGSEND = YES;
				GCC_C_LANGUAGE_STANDARD = gnu11;
				GCC_NO_COMMON_BLOCKS = YES;
				GCC_WARN_64_TO_32_BIT_CONVERSION = YES;
				GCC_WARN_ABOUT_RETURN_TYPE = YES_ERROR;
				GCC_WARN_UNDECLARED_SELECTOR = YES;
				GCC_WARN_UNINITIALIZED_AUTOS = YES_AGGRESSIVE;
				GCC_WARN_UNUSED_FUNCTION = YES;
				GCC_WARN_UNUSED_VARIABLE = YES;
				IPHONEOS_DEPLOYMENT_TARGET = 14.2;
				MTL_ENABLE_DEBUG_INFO = NO;
				MTL_FAST_MATH = YES;
				SDKROOT = iphoneos;
				SWIFT_COMPILATION_MODE = wholemodule;
				SWIFT_OPTIMIZATION_LEVEL = "-O";
				VALIDATE_PRODUCT = YES;
			};
			name = Release;
		};
		88013224257ACA6C00A53395 /* Debug */ = {
			isa = XCBuildConfiguration;
			buildSettings = {
				ASSETCATALOG_COMPILER_APPICON_NAME = AppIcon;
				ASSETCATALOG_COMPILER_GLOBAL_ACCENT_COLOR_NAME = AccentColor;
				CODE_SIGN_STYLE = Automatic;
				DEVELOPMENT_TEAM = G4KQ459XHC;
				INFOPLIST_FILE = SwipeIt/Info.plist;
				LD_RUNPATH_SEARCH_PATHS = (
					"$(inherited)",
					"@executable_path/Frameworks",
				);
				PRODUCT_BUNDLE_IDENTIFIER = com.KeeleyGreg.SwipeIt;
				PRODUCT_NAME = "$(TARGET_NAME)";
				SWIFT_VERSION = 5.0;
				TARGETED_DEVICE_FAMILY = "1,2";
			};
			name = Debug;
		};
		88013225257ACA6C00A53395 /* Release */ = {
			isa = XCBuildConfiguration;
			buildSettings = {
				ASSETCATALOG_COMPILER_APPICON_NAME = AppIcon;
				ASSETCATALOG_COMPILER_GLOBAL_ACCENT_COLOR_NAME = AccentColor;
				CODE_SIGN_STYLE = Automatic;
				DEVELOPMENT_TEAM = G4KQ459XHC;
				INFOPLIST_FILE = SwipeIt/Info.plist;
				LD_RUNPATH_SEARCH_PATHS = (
					"$(inherited)",
					"@executable_path/Frameworks",
				);
				PRODUCT_BUNDLE_IDENTIFIER = com.KeeleyGreg.SwipeIt;
				PRODUCT_NAME = "$(TARGET_NAME)";
				SWIFT_VERSION = 5.0;
				TARGETED_DEVICE_FAMILY = "1,2";
			};
			name = Release;
		};
		88013227257ACA6C00A53395 /* Debug */ = {
			isa = XCBuildConfiguration;
			buildSettings = {
				ALWAYS_EMBED_SWIFT_STANDARD_LIBRARIES = YES;
				BUNDLE_LOADER = "$(TEST_HOST)";
				CODE_SIGN_STYLE = Automatic;
				DEVELOPMENT_TEAM = G4KQ459XHC;
				INFOPLIST_FILE = SwipeItTests/Info.plist;
				IPHONEOS_DEPLOYMENT_TARGET = 14.2;
				LD_RUNPATH_SEARCH_PATHS = (
					"$(inherited)",
					"@executable_path/Frameworks",
					"@loader_path/Frameworks",
				);
				PRODUCT_BUNDLE_IDENTIFIER = com.KeeleyGreg.SwipeItTests;
				PRODUCT_NAME = "$(TARGET_NAME)";
				SWIFT_VERSION = 5.0;
				TARGETED_DEVICE_FAMILY = "1,2";
				TEST_HOST = "$(BUILT_PRODUCTS_DIR)/SwipeIt.app/SwipeIt";
			};
			name = Debug;
		};
		88013228257ACA6C00A53395 /* Release */ = {
			isa = XCBuildConfiguration;
			buildSettings = {
				ALWAYS_EMBED_SWIFT_STANDARD_LIBRARIES = YES;
				BUNDLE_LOADER = "$(TEST_HOST)";
				CODE_SIGN_STYLE = Automatic;
				DEVELOPMENT_TEAM = G4KQ459XHC;
				INFOPLIST_FILE = SwipeItTests/Info.plist;
				IPHONEOS_DEPLOYMENT_TARGET = 14.2;
				LD_RUNPATH_SEARCH_PATHS = (
					"$(inherited)",
					"@executable_path/Frameworks",
					"@loader_path/Frameworks",
				);
				PRODUCT_BUNDLE_IDENTIFIER = com.KeeleyGreg.SwipeItTests;
				PRODUCT_NAME = "$(TARGET_NAME)";
				SWIFT_VERSION = 5.0;
				TARGETED_DEVICE_FAMILY = "1,2";
				TEST_HOST = "$(BUILT_PRODUCTS_DIR)/SwipeIt.app/SwipeIt";
			};
			name = Release;
		};
		8801322A257ACA6C00A53395 /* Debug */ = {
			isa = XCBuildConfiguration;
			buildSettings = {
				ALWAYS_EMBED_SWIFT_STANDARD_LIBRARIES = YES;
				CODE_SIGN_STYLE = Automatic;
				DEVELOPMENT_TEAM = G4KQ459XHC;
				INFOPLIST_FILE = SwipeItUITests/Info.plist;
				LD_RUNPATH_SEARCH_PATHS = (
					"$(inherited)",
					"@executable_path/Frameworks",
					"@loader_path/Frameworks",
				);
				PRODUCT_BUNDLE_IDENTIFIER = com.KeeleyGreg.SwipeItUITests;
				PRODUCT_NAME = "$(TARGET_NAME)";
				SWIFT_VERSION = 5.0;
				TARGETED_DEVICE_FAMILY = "1,2";
				TEST_TARGET_NAME = SwipeIt;
			};
			name = Debug;
		};
		8801322B257ACA6C00A53395 /* Release */ = {
			isa = XCBuildConfiguration;
			buildSettings = {
				ALWAYS_EMBED_SWIFT_STANDARD_LIBRARIES = YES;
				CODE_SIGN_STYLE = Automatic;
				DEVELOPMENT_TEAM = G4KQ459XHC;
				INFOPLIST_FILE = SwipeItUITests/Info.plist;
				LD_RUNPATH_SEARCH_PATHS = (
					"$(inherited)",
					"@executable_path/Frameworks",
					"@loader_path/Frameworks",
				);
				PRODUCT_BUNDLE_IDENTIFIER = com.KeeleyGreg.SwipeItUITests;
				PRODUCT_NAME = "$(TARGET_NAME)";
				SWIFT_VERSION = 5.0;
				TARGETED_DEVICE_FAMILY = "1,2";
				TEST_TARGET_NAME = SwipeIt;
			};
			name = Release;
		};
/* End XCBuildConfiguration section */

/* Begin XCConfigurationList section */
		880131F4257ACA6900A53395 /* Build configuration list for PBXProject "SwipeIt" */ = {
			isa = XCConfigurationList;
			buildConfigurations = (
				88013221257ACA6C00A53395 /* Debug */,
				88013222257ACA6C00A53395 /* Release */,
			);
			defaultConfigurationIsVisible = 0;
			defaultConfigurationName = Release;
		};
		88013223257ACA6C00A53395 /* Build configuration list for PBXNativeTarget "SwipeIt" */ = {
			isa = XCConfigurationList;
			buildConfigurations = (
				88013224257ACA6C00A53395 /* Debug */,
				88013225257ACA6C00A53395 /* Release */,
			);
			defaultConfigurationIsVisible = 0;
			defaultConfigurationName = Release;
		};
		88013226257ACA6C00A53395 /* Build configuration list for PBXNativeTarget "SwipeItTests" */ = {
			isa = XCConfigurationList;
			buildConfigurations = (
				88013227257ACA6C00A53395 /* Debug */,
				88013228257ACA6C00A53395 /* Release */,
			);
			defaultConfigurationIsVisible = 0;
			defaultConfigurationName = Release;
		};
		88013229257ACA6C00A53395 /* Build configuration list for PBXNativeTarget "SwipeItUITests" */ = {
			isa = XCConfigurationList;
			buildConfigurations = (
				8801322A257ACA6C00A53395 /* Debug */,
				8801322B257ACA6C00A53395 /* Release */,
			);
			defaultConfigurationIsVisible = 0;
			defaultConfigurationName = Release;
		};
/* End XCConfigurationList section */
	};
	rootObject = 880131F1257ACA6900A53395 /* Project object */;
}
